// !$*UTF8*$!
{
	archiveVersion = 1;
	classes = {
	};
	objectVersion = 48;
	objects = {

/* Begin PBXBuildFile section */
		71494E8F207B76D6006C7A38 /* AppDelegate.m in Sources */ = {isa = PBXBuildFile; fileRef = 71494E8E207B76D6006C7A38 /* AppDelegate.m */; };
		71494E92207B76D7006C7A38 /* ViewController.m in Sources */ = {isa = PBXBuildFile; fileRef = 71494E91207B76D7006C7A38 /* ViewController.m */; };
		71494E95207B76D7006C7A38 /* Main.storyboard in Resources */ = {isa = PBXBuildFile; fileRef = 71494E93207B76D7006C7A38 /* Main.storyboard */; };
		71494E97207B76D7006C7A38 /* Assets.xcassets in Resources */ = {isa = PBXBuildFile; fileRef = 71494E96207B76D7006C7A38 /* Assets.xcassets */; };
		71494E9A207B76D7006C7A38 /* LaunchScreen.storyboard in Resources */ = {isa = PBXBuildFile; fileRef = 71494E98207B76D7006C7A38 /* LaunchScreen.storyboard */; };
		71494E9D207B76D7006C7A38 /* main.m in Sources */ = {isa = PBXBuildFile; fileRef = 71494E9C207B76D7006C7A38 /* main.m */; };
		71494EA6207B77A1006C7A38 /* TTSocketManager.m in Sources */ = {isa = PBXBuildFile; fileRef = 71494EA5207B77A1006C7A38 /* TTSocketManager.m */; };
		71494EA9207B8457006C7A38 /* TTOSSocketViewController.m in Sources */ = {isa = PBXBuildFile; fileRef = 71494EA8207B8457006C7A38 /* TTOSSocketViewController.m */; };
		71494EAD207B8A40006C7A38 /* TTCocoaAsyncSocket.m in Sources */ = {isa = PBXBuildFile; fileRef = 71494EAC207B8A40006C7A38 /* TTCocoaAsyncSocket.m */; };
		71494EB1207B9E72006C7A38 /* TTWebSocket.m in Sources */ = {isa = PBXBuildFile; fileRef = 71494EB0207B9E72006C7A38 /* TTWebSocket.m */; };
		71494F88207CB0A2006C7A38 /* TTWebSocketViewController.m in Sources */ = {isa = PBXBuildFile; fileRef = 71494F87207CB0A2006C7A38 /* TTWebSocketViewController.m */; };
		85C2B48E347CFD851C699523 /* libPods-TTIMSocket.a in Frameworks */ = {isa = PBXBuildFile; fileRef = 587632C4B836F4DFECB0B47D /* libPods-TTIMSocket.a */; };
/* End PBXBuildFile section */

/* Begin PBXFileReference section */
		587632C4B836F4DFECB0B47D /* libPods-TTIMSocket.a */ = {isa = PBXFileReference; explicitFileType = archive.ar; includeInIndex = 0; path = "libPods-TTIMSocket.a"; sourceTree = BUILT_PRODUCTS_DIR; };
		71494E8A207B76D6006C7A38 /* TTIMSocket.app */ = {isa = PBXFileReference; explicitFileType = wrapper.application; includeInIndex = 0; path = TTIMSocket.app; sourceTree = BUILT_PRODUCTS_DIR; };
		71494E8D207B76D6006C7A38 /* AppDelegate.h */ = {isa = PBXFileReference; lastKnownFileType = sourcecode.c.h; path = AppDelegate.h; sourceTree = "<group>"; };
		71494E8E207B76D6006C7A38 /* AppDelegate.m */ = {isa = PBXFileReference; lastKnownFileType = sourcecode.c.objc; path = AppDelegate.m; sourceTree = "<group>"; };
		71494E90207B76D6006C7A38 /* ViewController.h */ = {isa = PBXFileReference; lastKnownFileType = sourcecode.c.h; path = ViewController.h; sourceTree = "<group>"; };
		71494E91207B76D7006C7A38 /* ViewController.m */ = {isa = PBXFileReference; lastKnownFileType = sourcecode.c.objc; path = ViewController.m; sourceTree = "<group>"; };
		71494E94207B76D7006C7A38 /* Base */ = {isa = PBXFileReference; lastKnownFileType = file.storyboard; name = Base; path = Base.lproj/Main.storyboard; sourceTree = "<group>"; };
		71494E96207B76D7006C7A38 /* Assets.xcassets */ = {isa = PBXFileReference; lastKnownFileType = folder.assetcatalog; path = Assets.xcassets; sourceTree = "<group>"; };
		71494E99207B76D7006C7A38 /* Base */ = {isa = PBXFileReference; lastKnownFileType = file.storyboard; name = Base; path = Base.lproj/LaunchScreen.storyboard; sourceTree = "<group>"; };
		71494E9B207B76D7006C7A38 /* Info.plist */ = {isa = PBXFileReference; lastKnownFileType = text.plist.xml; path = Info.plist; sourceTree = "<group>"; };
		71494E9C207B76D7006C7A38 /* main.m */ = {isa = PBXFileReference; lastKnownFileType = sourcecode.c.objc; path = main.m; sourceTree = "<group>"; };
		71494EA4207B77A1006C7A38 /* TTSocketManager.h */ = {isa = PBXFileReference; lastKnownFileType = sourcecode.c.h; path = TTSocketManager.h; sourceTree = "<group>"; };
		71494EA5207B77A1006C7A38 /* TTSocketManager.m */ = {isa = PBXFileReference; lastKnownFileType = sourcecode.c.objc; path = TTSocketManager.m; sourceTree = "<group>"; };
		71494EA7207B8457006C7A38 /* TTOSSocketViewController.h */ = {isa = PBXFileReference; lastKnownFileType = sourcecode.c.h; path = TTOSSocketViewController.h; sourceTree = "<group>"; };
		71494EA8207B8457006C7A38 /* TTOSSocketViewController.m */ = {isa = PBXFileReference; lastKnownFileType = sourcecode.c.objc; path = TTOSSocketViewController.m; sourceTree = "<group>"; };
		71494EAB207B8A40006C7A38 /* TTCocoaAsyncSocket.h */ = {isa = PBXFileReference; lastKnownFileType = sourcecode.c.h; path = TTCocoaAsyncSocket.h; sourceTree = "<group>"; };
		71494EAC207B8A40006C7A38 /* TTCocoaAsyncSocket.m */ = {isa = PBXFileReference; lastKnownFileType = sourcecode.c.objc; path = TTCocoaAsyncSocket.m; sourceTree = "<group>"; };
		71494EAF207B9E72006C7A38 /* TTWebSocket.h */ = {isa = PBXFileReference; lastKnownFileType = sourcecode.c.h; path = TTWebSocket.h; sourceTree = "<group>"; };
		71494EB0207B9E72006C7A38 /* TTWebSocket.m */ = {isa = PBXFileReference; lastKnownFileType = sourcecode.c.objc; path = TTWebSocket.m; sourceTree = "<group>"; };
		71494F86207CB0A2006C7A38 /* TTWebSocketViewController.h */ = {isa = PBXFileReference; lastKnownFileType = sourcecode.c.h; path = TTWebSocketViewController.h; sourceTree = "<group>"; };
		71494F87207CB0A2006C7A38 /* TTWebSocketViewController.m */ = {isa = PBXFileReference; lastKnownFileType = sourcecode.c.objc; path = TTWebSocketViewController.m; sourceTree = "<group>"; };
		A070F1E5F50A0D95359AC4E4 /* Pods-TTIMSocket.debug.xcconfig */ = {isa = PBXFileReference; includeInIndex = 1; lastKnownFileType = text.xcconfig; name = "Pods-TTIMSocket.debug.xcconfig"; path = "Pods/Target Support Files/Pods-TTIMSocket/Pods-TTIMSocket.debug.xcconfig"; sourceTree = "<group>"; };
		D119F0AD9D621CC9F262ECBE /* Pods-TTIMSocket.release.xcconfig */ = {isa = PBXFileReference; includeInIndex = 1; lastKnownFileType = text.xcconfig; name = "Pods-TTIMSocket.release.xcconfig"; path = "Pods/Target Support Files/Pods-TTIMSocket/Pods-TTIMSocket.release.xcconfig"; sourceTree = "<group>"; };
/* End PBXFileReference section */

/* Begin PBXFrameworksBuildPhase section */
		71494E87207B76D6006C7A38 /* Frameworks */ = {
			isa = PBXFrameworksBuildPhase;
			buildActionMask = 2147483647;
			files = (
				85C2B48E347CFD851C699523 /* libPods-TTIMSocket.a in Frameworks */,
			);
			runOnlyForDeploymentPostprocessing = 0;
		};
/* End PBXFrameworksBuildPhase section */

/* Begin PBXGroup section */
		06B1A89D6A07588DF190E50A /* Pods */ = {
			isa = PBXGroup;
			children = (
				A070F1E5F50A0D95359AC4E4 /* Pods-TTIMSocket.debug.xcconfig */,
				D119F0AD9D621CC9F262ECBE /* Pods-TTIMSocket.release.xcconfig */,
			);
			name = Pods;
			sourceTree = "<group>";
		};
		0935BB2DDFD3BC710B1F4DD0 /* Frameworks */ = {
			isa = PBXGroup;
			children = (
				587632C4B836F4DFECB0B47D /* libPods-TTIMSocket.a */,
			);
			name = Frameworks;
			sourceTree = "<group>";
		};
		71494E81207B76D6006C7A38 = {
			isa = PBXGroup;
			children = (
				71494E8C207B76D6006C7A38 /* TTIMSocket */,
				71494E8B207B76D6006C7A38 /* Products */,
				06B1A89D6A07588DF190E50A /* Pods */,
				0935BB2DDFD3BC710B1F4DD0 /* Frameworks */,
			);
			sourceTree = "<group>";
		};
		71494E8B207B76D6006C7A38 /* Products */ = {
			isa = PBXGroup;
			children = (
				71494E8A207B76D6006C7A38 /* TTIMSocket.app */,
			);
			name = Products;
			sourceTree = "<group>";
		};
		71494E8C207B76D6006C7A38 /* TTIMSocket */ = {
			isa = PBXGroup;
			children = (
				71494EAE207B9CBD006C7A38 /* WebSocket */,
				71494EAA207B8A0F006C7A38 /* CocoaAsyncSocket */,
				71494EA3207B777C006C7A38 /* OSSocket */,
				71494E8D207B76D6006C7A38 /* AppDelegate.h */,
				71494E8E207B76D6006C7A38 /* AppDelegate.m */,
				71494E90207B76D6006C7A38 /* ViewController.h */,
				71494E91207B76D7006C7A38 /* ViewController.m */,
				71494E93207B76D7006C7A38 /* Main.storyboard */,
				71494E96207B76D7006C7A38 /* Assets.xcassets */,
				71494E98207B76D7006C7A38 /* LaunchScreen.storyboard */,
				71494E9B207B76D7006C7A38 /* Info.plist */,
				71494E9C207B76D7006C7A38 /* main.m */,
			);
			path = TTIMSocket;
			sourceTree = "<group>";
		};
		71494EA3207B777C006C7A38 /* OSSocket */ = {
			isa = PBXGroup;
			children = (
				71494EA4207B77A1006C7A38 /* TTSocketManager.h */,
				71494EA5207B77A1006C7A38 /* TTSocketManager.m */,
				71494EA7207B8457006C7A38 /* TTOSSocketViewController.h */,
				71494EA8207B8457006C7A38 /* TTOSSocketViewController.m */,
			);
			path = OSSocket;
			sourceTree = "<group>";
		};
		71494EAA207B8A0F006C7A38 /* CocoaAsyncSocket */ = {
			isa = PBXGroup;
			children = (
				71494EAB207B8A40006C7A38 /* TTCocoaAsyncSocket.h */,
				71494EAC207B8A40006C7A38 /* TTCocoaAsyncSocket.m */,
			);
			path = CocoaAsyncSocket;
			sourceTree = "<group>";
		};
		71494EAE207B9CBD006C7A38 /* WebSocket */ = {
			isa = PBXGroup;
			children = (
				71494EAF207B9E72006C7A38 /* TTWebSocket.h */,
				71494EB0207B9E72006C7A38 /* TTWebSocket.m */,
				71494F86207CB0A2006C7A38 /* TTWebSocketViewController.h */,
				71494F87207CB0A2006C7A38 /* TTWebSocketViewController.m */,
			);
			path = WebSocket;
			sourceTree = "<group>";
		};
/* End PBXGroup section */

/* Begin PBXNativeTarget section */
		71494E89207B76D6006C7A38 /* TTIMSocket */ = {
			isa = PBXNativeTarget;
			buildConfigurationList = 71494EA0207B76D7006C7A38 /* Build configuration list for PBXNativeTarget "TTIMSocket" */;
			buildPhases = (
				3A2662574E78BD50B35EE700 /* [CP] Check Pods Manifest.lock */,
				71494E86207B76D6006C7A38 /* Sources */,
				71494E87207B76D6006C7A38 /* Frameworks */,
				71494E88207B76D6006C7A38 /* Resources */,
				1AB9ADC76C69E874B225B9FE /* [CP] Embed Pods Frameworks */,
				84CF6698E710971528EE5031 /* [CP] Copy Pods Resources */,
			);
			buildRules = (
			);
			dependencies = (
			);
			name = TTIMSocket;
			productName = TTIMSocket;
			productReference = 71494E8A207B76D6006C7A38 /* TTIMSocket.app */;
			productType = "com.apple.product-type.application";
		};
/* End PBXNativeTarget section */

/* Begin PBXProject section */
		71494E82207B76D6006C7A38 /* Project object */ = {
			isa = PBXProject;
			attributes = {
				LastUpgradeCheck = 0920;
				ORGANIZATIONNAME = TAO;
				TargetAttributes = {
					71494E89207B76D6006C7A38 = {
						CreatedOnToolsVersion = 9.2;
						ProvisioningStyle = Automatic;
					};
				};
			};
			buildConfigurationList = 71494E85207B76D6006C7A38 /* Build configuration list for PBXProject "TTIMSocket" */;
			compatibilityVersion = "Xcode 8.0";
			developmentRegion = en;
			hasScannedForEncodings = 0;
			knownRegions = (
				en,
				Base,
			);
			mainGroup = 71494E81207B76D6006C7A38;
			productRefGroup = 71494E8B207B76D6006C7A38 /* Products */;
			projectDirPath = "";
			projectRoot = "";
			targets = (
				71494E89207B76D6006C7A38 /* TTIMSocket */,
			);
		};
/* End PBXProject section */

/* Begin PBXResourcesBuildPhase section */
		71494E88207B76D6006C7A38 /* Resources */ = {
			isa = PBXResourcesBuildPhase;
			buildActionMask = 2147483647;
			files = (
				71494E9A207B76D7006C7A38 /* LaunchScreen.storyboard in Resources */,
				71494E97207B76D7006C7A38 /* Assets.xcassets in Resources */,
				71494E95207B76D7006C7A38 /* Main.storyboard in Resources */,
			);
			runOnlyForDeploymentPostprocessing = 0;
		};
/* End PBXResourcesBuildPhase section */

/* Begin PBXShellScriptBuildPhase section */
		1AB9ADC76C69E874B225B9FE /* [CP] Embed Pods Frameworks */ = {
			isa = PBXShellScriptBuildPhase;
			buildActionMask = 2147483647;
			files = (
			);
			inputPaths = (
			);
			name = "[CP] Embed Pods Frameworks";
			outputPaths = (
			);
			runOnlyForDeploymentPostprocessing = 0;
			shellPath = /bin/sh;
			shellScript = "\"${SRCROOT}/Pods/Target Support Files/Pods-TTIMSocket/Pods-TTIMSocket-frameworks.sh\"\n";
			showEnvVarsInLog = 0;
		};
		3A2662574E78BD50B35EE700 /* [CP] Check Pods Manifest.lock */ = {
			isa = PBXShellScriptBuildPhase;
			buildActionMask = 2147483647;
			files = (
			);
			inputPaths = (
			);
			name = "[CP] Check Pods Manifest.lock";
			outputPaths = (
			);
			runOnlyForDeploymentPostprocessing = 0;
			shellPath = /bin/sh;
			shellScript = "diff \"${PODS_ROOT}/../Podfile.lock\" \"${PODS_ROOT}/Manifest.lock\" > /dev/null\nif [ $? != 0 ] ; then\n    # print error to STDERR\n    echo \"error: The sandbox is not in sync with the Podfile.lock. Run 'pod install' or update your CocoaPods installation.\" >&2\n    exit 1\nfi\n";
			showEnvVarsInLog = 0;
		};
		84CF6698E710971528EE5031 /* [CP] Copy Pods Resources */ = {
			isa = PBXShellScriptBuildPhase;
			buildActionMask = 2147483647;
			files = (
			);
			inputPaths = (
			);
			name = "[CP] Copy Pods Resources";
			outputPaths = (
			);
			runOnlyForDeploymentPostprocessing = 0;
			shellPath = /bin/sh;
			shellScript = "\"${SRCROOT}/Pods/Target Support Files/Pods-TTIMSocket/Pods-TTIMSocket-resources.sh\"\n";
			showEnvVarsInLog = 0;
		};
/* End PBXShellScriptBuildPhase section */

/* Begin PBXSourcesBuildPhase section */
		71494E86207B76D6006C7A38 /* Sources */ = {
			isa = PBXSourcesBuildPhase;
			buildActionMask = 2147483647;
			files = (
				71494F88207CB0A2006C7A38 /* TTWebSocketViewController.m in Sources */,
				71494EA6207B77A1006C7A38 /* TTSocketManager.m in Sources */,
				71494EAD207B8A40006C7A38 /* TTCocoaAsyncSocket.m in Sources */,
				71494EA9207B8457006C7A38 /* TTOSSocketViewController.m in Sources */,
				71494E92207B76D7006C7A38 /* ViewController.m in Sources */,
				71494E9D207B76D7006C7A38 /* main.m in Sources */,
				71494EB1207B9E72006C7A38 /* TTWebSocket.m in Sources */,
				71494E8F207B76D6006C7A38 /* AppDelegate.m in Sources */,
			);
			runOnlyForDeploymentPostprocessing = 0;
		};
/* End PBXSourcesBuildPhase section */

/* Begin PBXVariantGroup section */
		71494E93207B76D7006C7A38 /* Main.storyboard */ = {
			isa = PBXVariantGroup;
			children = (
				71494E94207B76D7006C7A38 /* Base */,
			);
			name = Main.storyboard;
			sourceTree = "<group>";
		};
		71494E98207B76D7006C7A38 /* LaunchScreen.storyboard */ = {
			isa = PBXVariantGroup;
			children = (
				71494E99207B76D7006C7A38 /* Base */,
			);
			name = LaunchScreen.storyboard;
			sourceTree = "<group>";
		};
/* End PBXVariantGroup section */

/* Begin XCBuildConfiguration section */
		71494E9E207B76D7006C7A38 /* Debug */ = {
			isa = XCBuildConfiguration;
			buildSettings = {
				ALWAYS_SEARCH_USER_PATHS = NO;
				CLANG_ANALYZER_NONNULL = YES;
				CLANG_ANALYZER_NUMBER_OBJECT_CONVERSION = YES_AGGRESSIVE;
				CLANG_CXX_LANGUAGE_STANDARD = "gnu++14";
				CLANG_CXX_LIBRARY = "libc++";
				CLANG_ENABLE_MODULES = YES;
				CLANG_ENABLE_OBJC_ARC = YES;
				CLANG_WARN_BLOCK_CAPTURE_AUTORELEASING = YES;
				CLANG_WARN_BOOL_CONVERSION = YES;
				CLANG_WARN_COMMA = YES;
				CLANG_WARN_CONSTANT_CONVERSION = YES;
				CLANG_WARN_DIRECT_OBJC_ISA_USAGE = YES_ERROR;
				CLANG_WARN_DOCUMENTATION_COMMENTS = YES;
				CLANG_WARN_EMPTY_BODY = YES;
				CLANG_WARN_ENUM_CONVERSION = YES;
				CLANG_WARN_INFINITE_RECURSION = YES;
				CLANG_WARN_INT_CONVERSION = YES;
				CLANG_WARN_NON_LITERAL_NULL_CONVERSION = YES;
				CLANG_WARN_OBJC_LITERAL_CONVERSION = YES;
				CLANG_WARN_OBJC_ROOT_CLASS = YES_ERROR;
				CLANG_WARN_RANGE_LOOP_ANALYSIS = YES;
				CLANG_WARN_STRICT_PROTOTYPES = YES;
				CLANG_WARN_SUSPICIOUS_MOVE = YES;
				CLANG_WARN_UNGUARDED_AVAILABILITY = YES_AGGRESSIVE;
				CLANG_WARN_UNREACHABLE_CODE = YES;
				CLANG_WARN__DUPLICATE_METHOD_MATCH = YES;
				CODE_SIGN_IDENTITY = "iPhone Developer";
				COPY_PHASE_STRIP = NO;
				DEBUG_INFORMATION_FORMAT = dwarf;
				ENABLE_STRICT_OBJC_MSGSEND = YES;
				ENABLE_TESTABILITY = YES;
				GCC_C_LANGUAGE_STANDARD = gnu11;
				GCC_DYNAMIC_NO_PIC = NO;
				GCC_NO_COMMON_BLOCKS = YES;
				GCC_OPTIMIZATION_LEVEL = 0;
				GCC_PREPROCESSOR_DEFINITIONS = (
					"DEBUG=1",
					"$(inherited)",
				);
				GCC_WARN_64_TO_32_BIT_CONVERSION = YES;
				GCC_WARN_ABOUT_RETURN_TYPE = YES_ERROR;
				GCC_WARN_UNDECLARED_SELECTOR = YES;
				GCC_WARN_UNINITIALIZED_AUTOS = YES_AGGRESSIVE;
				GCC_WARN_UNUSED_FUNCTION = YES;
				GCC_WARN_UNUSED_VARIABLE = YES;
				IPHONEOS_DEPLOYMENT_TARGET = 11.2;
				MTL_ENABLE_DEBUG_INFO = YES;
				ONLY_ACTIVE_ARCH = YES;
				SDKROOT = iphoneos;
			};
			name = Debug;
		};
		71494E9F207B76D7006C7A38 /* Release */ = {
			isa = XCBuildConfiguration;
			buildSettings = {
				ALWAYS_SEARCH_USER_PATHS = NO;
				CLANG_ANALYZER_NONNULL = YES;
				CLANG_ANALYZER_NUMBER_OBJECT_CONVERSION = YES_AGGRESSIVE;
				CLANG_CXX_LANGUAGE_STANDARD = "gnu++14";
				CLANG_CXX_LIBRARY = "libc++";
				CLANG_ENABLE_MODULES = YES;
				CLANG_ENABLE_OBJC_ARC = YES;
				CLANG_WARN_BLOCK_CAPTURE_AUTORELEASING = YES;
				CLANG_WARN_BOOL_CONVERSION = YES;
				CLANG_WARN_COMMA = YES;
				CLANG_WARN_CONSTANT_CONVERSION = YES;
				CLANG_WARN_DIRECT_OBJC_ISA_USAGE = YES_ERROR;
				CLANG_WARN_DOCUMENTATION_COMMENTS = YES;
				CLANG_WARN_EMPTY_BODY = YES;
				CLANG_WARN_ENUM_CONVERSION = YES;
				CLANG_WARN_INFINITE_RECURSION = YES;
				CLANG_WARN_INT_CONVERSION = YES;
				CLANG_WARN_NON_LITERAL_NULL_CONVERSION = YES;
				CLANG_WARN_OBJC_LITERAL_CONVERSION = YES;
				CLANG_WARN_OBJC_ROOT_CLASS = YES_ERROR;
				CLANG_WARN_RANGE_LOOP_ANALYSIS = YES;
				CLANG_WARN_STRICT_PROTOTYPES = YES;
				CLANG_WARN_SUSPICIOUS_MOVE = YES;
				CLANG_WARN_UNGUARDED_AVAILABILITY = YES_AGGRESSIVE;
				CLANG_WARN_UNREACHABLE_CODE = YES;
				CLANG_WARN__DUPLICATE_METHOD_MATCH = YES;
				CODE_SIGN_IDENTITY = "iPhone Developer";
				COPY_PHASE_STRIP = NO;
				DEBUG_INFORMATION_FORMAT = "dwarf-with-dsym";
				ENABLE_NS_ASSERTIONS = NO;
				ENABLE_STRICT_OBJC_MSGSEND = YES;
				GCC_C_LANGUAGE_STANDARD = gnu11;
				GCC_NO_COMMON_BLOCKS = YES;
				GCC_WARN_64_TO_32_BIT_CONVERSION = YES;
				GCC_WARN_ABOUT_RETURN_TYPE = YES_ERROR;
				GCC_WARN_UNDECLARED_SELECTOR = YES;
				GCC_WARN_UNINITIALIZED_AUTOS = YES_AGGRESSIVE;
				GCC_WARN_UNUSED_FUNCTION = YES;
				GCC_WARN_UNUSED_VARIABLE = YES;
				IPHONEOS_DEPLOYMENT_TARGET = 11.2;
				MTL_ENABLE_DEBUG_INFO = NO;
				SDKROOT = iphoneos;
				VALIDATE_PRODUCT = YES;
			};
			name = Release;
		};
		71494EA1207B76D7006C7A38 /* Debug */ = {
			isa = XCBuildConfiguration;
			baseConfigurationReference = A070F1E5F50A0D95359AC4E4 /* Pods-TTIMSocket.debug.xcconfig */;
			buildSettings = {
				ASSETCATALOG_COMPILER_APPICON_NAME = AppIcon;
				CODE_SIGN_STYLE = Automatic;
				FRAMEWORK_SEARCH_PATHS = "";
				HEADER_SEARCH_PATHS = "";
				INFOPLIST_FILE = TTIMSocket/Info.plist;
				IPHONEOS_DEPLOYMENT_TARGET = 8.0;
				LD_RUNPATH_SEARCH_PATHS = "$(inherited) @executable_path/Frameworks";
				PRODUCT_BUNDLE_IDENTIFIER = com.TAO.TTIMSocket;
				PRODUCT_NAME = "$(TARGET_NAME)";
				TARGETED_DEVICE_FAMILY = "1,2";
			};
			name = Debug;
		};
		71494EA2207B76D7006C7A38 /* Release */ = {
			isa = XCBuildConfiguration;
			baseConfigurationReference = D119F0AD9D621CC9F262ECBE /* Pods-TTIMSocket.release.xcconfig */;
			buildSettings = {
				ASSETCATALOG_COMPILER_APPICON_NAME = AppIcon;
				CODE_SIGN_STYLE = Automatic;
				FRAMEWORK_SEARCH_PATHS = "";
				HEADER_SEARCH_PATHS = "";
				INFOPLIST_FILE = TTIMSocket/Info.plist;
				IPHONEOS_DEPLOYMENT_TARGET = 8.0;
				LD_RUNPATH_SEARCH_PATHS = "$(inherited) @executable_path/Frameworks";
				PRODUCT_BUNDLE_IDENTIFIER = com.TAO.TTIMSocket;
				PRODUCT_NAME = "$(TARGET_NAME)";
				TARGETED_DEVICE_FAMILY = "1,2";
			};
			name = Release;
		};
/* End XCBuildConfiguration section */

/* Begin XCConfigurationList section */
		71494E85207B76D6006C7A38 /* Build configuration list for PBXProject "TTIMSocket" */ = {
			isa = XCConfigurationList;
			buildConfigurations = (
				71494E9E207B76D7006C7A38 /* Debug */,
				71494E9F207B76D7006C7A38 /* Release */,
			);
			defaultConfigurationIsVisible = 0;
			defaultConfigurationName = Release;
		};
		71494EA0207B76D7006C7A38 /* Build configuration list for PBXNativeTarget "TTIMSocket" */ = {
			isa = XCConfigurationList;
			buildConfigurations = (
				71494EA1207B76D7006C7A38 /* Debug */,
				71494EA2207B76D7006C7A38 /* Release */,
			);
			defaultConfigurationIsVisible = 0;
			defaultConfigurationName = Release;
		};
/* End XCConfigurationList section */
	};
	rootObject = 71494E82207B76D6006C7A38 /* Project object */;
}
